
Microsoft Visual Studio Solution File, Format Version 12.00
# Visual Studio 15
VisualStudioVersion = 15.0.28307.902
MinimumVisualStudioVersion = 10.0.40219.1
Project("{FAE04EC0-301F-11D3-BF4B-00C04F79EFBC}") = "2BasicMethods", "Methods\2BasicMethods.csproj", "{28717B81-7EC6-4968-9F6A-3F25C355A546}"
EndProject
Project("{FAE04EC0-301F-11D3-BF4B-00C04F79EFBC}") = "AbstractClass", "AbstractClass\AbstractClass.csproj", "{0010237A-6379-4D2F-A4F1-50EFEDEAD749}"
EndProject
Project("{FAE04EC0-301F-11D3-BF4B-00C04F79EFBC}") = "AbstractMethod", "AbstractMethod\AbstractMethod.csproj", "{C00DF688-F47C-462D-B066-418D4CC2209D}"
EndProject
Project("{FAE04EC0-301F-11D3-BF4B-00C04F79EFBC}") = "Array", "Array\Array.csproj", "{B0C0C12B-AD92-4BEE-96FA-9D54A25C19C2}"
EndProject
Project("{FAE04EC0-301F-11D3-BF4B-00C04F79EFBC}") = "BasicIntermediateInterfaces", "BasicIntermediateInterfaces\BasicIntermediateInterfaces.csproj", "{31AF1D49-A9C8-4BF9-BC1D-830F8FAAF36A}"
EndProject
Project("{FAE04EC0-301F-11D3-BF4B-00C04F79EFBC}") = "0.1BasicStrings", "BasicStrings\0.1BasicStrings.csproj", "{63A0A66E-E19C-4223-B31D-EF9AC6726560}"
EndProject
Project("{FAE04EC0-301F-11D3-BF4B-00C04F79EFBC}") = "BinarySearch", "BinarySearch\BinarySearch.csproj", "{93EFF684-A674-45F8-894C-35F4562C9F0A}"
EndProject
Project("{FAE04EC0-301F-11D3-BF4B-00C04F79EFBC}") = "BinarySearch2", "BinarySearch2\BinarySearch2.csproj", "{0C8005E8-9CAA-4863-A105-D4CBEBCD841D}"
EndProject
Project("{FAE04EC0-301F-11D3-BF4B-00C04F79EFBC}") = "4BasicConstructors", "Constructors\4BasicConstructors.csproj", "{3DAC5B3E-3DD2-4125-ADCD-F0A029CCCDD5}"
EndProject
Project("{FAE04EC0-301F-11D3-BF4B-00C04F79EFBC}") = "CountingLoop", "CountingLoop\CountingLoop.csproj", "{66D920A5-C617-4A26-8DB8-297F80019D12}"
EndProject
Project("{FAE04EC0-301F-11D3-BF4B-00C04F79EFBC}") = "ElseIfStatement", "ElseIfStatement\ElseIfStatement.csproj", "{399B4610-99BE-468D-B024-26F9625A2CCA}"
EndProject
Project("{FAE04EC0-301F-11D3-BF4B-00C04F79EFBC}") = "ExplicitInterface", "ExplicitInterface\ExplicitInterface.csproj", "{ACAD672D-74D7-423D-932B-C9517D2E7EE8}"
EndProject
Project("{FAE04EC0-301F-11D3-BF4B-00C04F79EFBC}") = "ForeachLoop", "ForeachLoop\ForeachLoop.csproj", "{ADCDC5AE-EDCB-41E7-A30E-F2C1B2A0C0D4}"
EndProject
Project("{FAE04EC0-301F-11D3-BF4B-00C04F79EFBC}") = "IfElseStatement", "IfElseStatement\IfElseStatement.csproj", "{1AE1B418-99BA-4411-8B61-DE88B661B667}"
EndProject
Project("{FAE04EC0-301F-11D3-BF4B-00C04F79EFBC}") = "IfStatement", "IfStatement\IfStatement.csproj", "{8E82944C-3B6D-4790-B501-0ECC19C0F6B3}"
EndProject
Project("{FAE04EC0-301F-11D3-BF4B-00C04F79EFBC}") = "5IntermediateConstructors", "IntermediateConstructors\5IntermediateConstructors.csproj", "{6DC74A46-BE7A-485E-9CE4-B08FB1980674}"
EndProject
Project("{FAE04EC0-301F-11D3-BF4B-00C04F79EFBC}") = "IntermediateMethods", "IntermediateMethods\IntermediateMethods.csproj", "{14AF48A9-0AE1-42BD-A770-B395942CB2E2}"
EndProject
Project("{FAE04EC0-301F-11D3-BF4B-00C04F79EFBC}") = "LinearSearch", "LinearSearch\LinearSearch.csproj", "{56AE17F8-6A57-47A5-95AD-CA593973F487}"
EndProject
Project("{FAE04EC0-301F-11D3-BF4B-00C04F79EFBC}") = "LinearSearch2", "LinearSearch2\LinearSearch2.csproj", "{C9C57467-75D4-4414-B766-D012C284F248}"
EndProject
Project("{FAE04EC0-301F-11D3-BF4B-00C04F79EFBC}") = "LinkedList", "LinkedList\LinkedList.csproj", "{471C8833-E7B2-4DE3-8ADB-8815DE682F70}"
EndProject
Project("{FAE04EC0-301F-11D3-BF4B-00C04F79EFBC}") = "List", "List\List.csproj", "{7E2DB519-23F1-4F50-AC8B-A6CBEDE3FAB4}"
EndProject
Project("{FAE04EC0-301F-11D3-BF4B-00C04F79EFBC}") = "List2", "List2\List2.csproj", "{9794DA36-FFCA-48C3-B45D-74CAE2310242}"
EndProject
Project("{2150E333-8FDC-42A3-9474-1A3956D46DE8}") = "Algorithms", "Algorithms", "{9175A638-A91C-4134-AEA0-948A629334C4}"
EndProject
Project("{FAE04EC0-301F-11D3-BF4B-00C04F79EFBC}") = "List3", "List3\List3.csproj", "{81F30E43-B405-406F-867A-FCB85F7CF058}"
EndProject
Project("{FAE04EC0-301F-11D3-BF4B-00C04F79EFBC}") = "ForLoop", "Loop\ForLoop.csproj", "{F2F35E5C-D741-46CE-8C9B-8395778E9D75}"
EndProject
Project("{2150E333-8FDC-42A3-9474-1A3956D46DE8}") = "IfStatements", "IfStatements", "{E760F6DB-D2DA-47BA-961A-3DC2AA57C73C}"
EndProject
Project("{2150E333-8FDC-42A3-9474-1A3956D46DE8}") = "Loops", "Loops", "{5F4DF72A-07EC-4D57-8B3E-CB475AB10FE1}"
EndProject
Project("{FAE04EC0-301F-11D3-BF4B-00C04F79EFBC}") = "MultipleInterfaces", "MultipleInterfaces\MultipleInterfaces.csproj", "{8A5B489E-C5C4-43A7-92B5-BC9C358B0955}"
EndProject
Project("{FAE04EC0-301F-11D3-BF4B-00C04F79EFBC}") = "PassingInterfaces", "PassingInterfaces\PassingInterfaces.csproj", "{FDC86698-BE9A-4311-ABDE-354791AED052}"
EndProject
Project("{FAE04EC0-301F-11D3-BF4B-00C04F79EFBC}") = "Pen-Interface", "Pen-Interface\Pen-Interface.csproj", "{3F03D476-8686-47B3-BF1F-BBBAF0EB09CA}"
EndProject
Project("{FAE04EC0-301F-11D3-BF4B-00C04F79EFBC}") = "ProtectedMethods", "ProtectedMethods\ProtectedMethods.csproj", "{0A3DB42A-65CC-4B1C-885F-670FA2F2B89D}"
EndProject
Project("{2150E333-8FDC-42A3-9474-1A3956D46DE8}") = "Interfaces", "Interfaces", "{F3DCEA36-6BBB-449B-91C7-FDC6BE3828D7}"
EndProject
Project("{FAE04EC0-301F-11D3-BF4B-00C04F79EFBC}") = "Queue", "Queue\Queue.csproj", "{2A286866-BECC-421B-B748-FB3429C5F036}"
EndProject
Project("{FAE04EC0-301F-11D3-BF4B-00C04F79EFBC}") = "Queue2", "Queue2\Queue2.csproj", "{012EA814-DC90-4034-BE60-33489A6BBD2A}"
EndProject
Project("{FAE04EC0-301F-11D3-BF4B-00C04F79EFBC}") = "SinglyLinkedList", "SinglyLinkedList\SinglyLinkedList.csproj", "{334711BE-76EA-4016-84B1-A89F30EFAEEB}"
EndProject
Project("{FAE04EC0-301F-11D3-BF4B-00C04F79EFBC}") = "Stack", "Stack\Stack.csproj", "{4AE82917-E6F9-438C-87F8-6937B0669152}"
EndProject
Project("{FAE04EC0-301F-11D3-BF4B-00C04F79EFBC}") = "SwitchStatement", "SwitchStatement\SwitchStatement.csproj", "{DCFFAA92-0F69-4079-AFFA-574034662B95}"
EndProject
Project("{FAE04EC0-301F-11D3-BF4B-00C04F79EFBC}") = "WhileLoop", "WhileLoop\WhileLoop.csproj", "{04A4F9F1-6549-43FE-836D-D5A6919B1248}"
EndProject
Project("{2150E333-8FDC-42A3-9474-1A3956D46DE8}") = "Methods", "Methods", "{17A7805D-93BB-4668-A1C8-99C8DFAEF0D7}"
EndProject
Project("{2150E333-8FDC-42A3-9474-1A3956D46DE8}") = "Constructors", "Constructors", "{1E5ABF59-3E77-47B2-8ABE-EF7B8782468A}"
EndProject
Project("{2150E333-8FDC-42A3-9474-1A3956D46DE8}") = "Collections", "Collections", "{5D215415-F2FD-474C-A3E2-1854A3E34104}"
EndProject
Project("{FAE04EC0-301F-11D3-BF4B-00C04F79EFBC}") = "VirtualMethod", "VirtualMethod\VirtualMethod.csproj", "{F78030B2-BCCE-41D9-8886-53DB1DA06E5B}"
EndProject
Project("{2150E333-8FDC-42A3-9474-1A3956D46DE8}") = "Strings", "Strings", "{072C23FC-F340-43BF-9134-D517A2A02344}"
EndProject
Project("{FAE04EC0-301F-11D3-BF4B-00C04F79EFBC}") = "Delegate", "Delegates\Delegate.csproj", "{56AB9220-3FBB-49DE-928C-8461513FB8D0}"
EndProject
Project("{FAE04EC0-301F-11D3-BF4B-00C04F79EFBC}") = "InstanceDelegate", "InstanceDelegate\InstanceDelegate.csproj", "{81F4E6C1-BEF2-4F05-A609-D7FBEB7F9E7C}"
EndProject
Project("{2150E333-8FDC-42A3-9474-1A3956D46DE8}") = "Delegates", "Delegates", "{0D576BEF-AD07-4E1A-A78D-C9A6A98A1402}"
EndProject
Project("{FAE04EC0-301F-11D3-BF4B-00C04F79EFBC}") = "Event", "Event\Event.csproj", "{868767BD-E89E-48F2-BE03-26FDAB13F18B}"
EndProject
Project("{FAE04EC0-301F-11D3-BF4B-00C04F79EFBC}") = "Lambda", "Lambda\Lambda.csproj", "{B6E0210A-89B0-4B31-B2F9-8F6D575C1141}"
EndProject
Project("{FAE04EC0-301F-11D3-BF4B-00C04F79EFBC}") = "SRP", "SRP\SRP.csproj", "{06D9A600-09AC-4162-B23B-7D18DD629A9E}"
EndProject
Project("{2150E333-8FDC-42A3-9474-1A3956D46DE8}") = "SOLID Principles", "SOLID Principles", "{E2BB94FA-14FF-4AE2-A026-87EAA05442B8}"
EndProject
Project("{FAE04EC0-301F-11D3-BF4B-00C04F79EFBC}") = "ClassAsConstructor", "ClassAsMethod\ClassAsConstructor.csproj", "{32553A11-925B-4AE6-82FC-8A36FA51966B}"
EndProject
Project("{FAE04EC0-301F-11D3-BF4B-00C04F79EFBC}") = "OCP", "OCP\OCP.csproj", "{0D3A90AB-E84F-4252-9258-58B430B09E5E}"
EndProject
Project("{FAE04EC0-301F-11D3-BF4B-00C04F79EFBC}") = "PhoneAdapter", "PhoneAdapter\PhoneAdapter.csproj", "{5D00F7F3-192E-43E9-9FFE-B5A23EC5D585}"
EndProject
Project("{2150E333-8FDC-42A3-9474-1A3956D46DE8}") = "DesignPatterns", "DesignPatterns", "{5BE0D074-5860-4FC2-9ADA-6B123A1B953B}"
EndProject
Project("{FAE04EC0-301F-11D3-BF4B-00C04F79EFBC}") = "ThreadSafety", "ThreadSafety\ThreadSafety.csproj", "{CD8D5D8C-E9DF-453F-8E4C-8633476F7AB1}"
EndProject
Project("{2150E333-8FDC-42A3-9474-1A3956D46DE8}") = "Thread", "Thread", "{FDDE199C-E170-43C2-9C05-CEE7E078ECCE}"
EndProject
Project("{FAE04EC0-301F-11D3-BF4B-00C04F79EFBC}") = "Properties", "Properties\Properties.csproj", "{221922CA-ECFA-406A-A051-EE9B79C75CF0}"
EndProject
Project("{2150E333-8FDC-42A3-9474-1A3956D46DE8}") = "AccessModifiers", "AccessModifiers", "{1C608850-F9B6-422B-81BE-FF3A05D41028}"
EndProject
Project("{FAE04EC0-301F-11D3-BF4B-00C04F79EFBC}") = "Constructor", "Constructor\Constructor.csproj", "{0262CE5B-55CD-4E6C-9295-97B11B9C0FCA}"
EndProject
Project("{FAE04EC0-301F-11D3-BF4B-00C04F79EFBC}") = "Method", "Method\Method.csproj", "{D84F4BE1-F4C4-4D08-919B-438C9056B358}"
EndProject
Project("{FAE04EC0-301F-11D3-BF4B-00C04F79EFBC}") = "ChildConstructor", "ChildConstructor\ChildConstructor.csproj", "{7081D647-58A8-4F09-8AF0-B5F72532A542}"
EndProject
Project("{FAE04EC0-301F-11D3-BF4B-00C04F79EFBC}") = "OverrideMethod", "OverrideMethod\OverrideMethod.csproj", "{81426F84-4A20-486F-B4A6-1E0D0B5DE004}"
EndProject
Project("{FAE04EC0-301F-11D3-BF4B-00C04F79EFBC}") = "ComputerInterface", "ComputerInterface\ComputerInterface.csproj", "{F8E9A1BC-CA5C-4FB5-90C1-39079E10669B}"
EndProject
Project("{FAE04EC0-301F-11D3-BF4B-00C04F79EFBC}") = "Facade", "Facade\Facade.csproj", "{A0F5918B-435B-45AA-AC8B-E3B0C1456275}"
EndProject
Project("{FAE04EC0-301F-11D3-BF4B-00C04F79EFBC}") = "1NoParameterMethod", "NoParameterMethod\1NoParameterMethod.csproj", "{8CB16F69-C7C1-47AF-94ED-1060C6D62A4B}"
EndProject
Project("{FAE04EC0-301F-11D3-BF4B-00C04F79EFBC}") = "Quiz", "Quiz\Quiz.csproj", "{1B7E87F1-0F62-4415-8BC4-18786329102A}"
EndProject
Project("{2150E333-8FDC-42A3-9474-1A3956D46DE8}") = "Games", "Games", "{F899CE31-BD6C-47FC-8694-642D479E4D64}"
EndProject
Global
	GlobalSection(SolutionConfigurationPlatforms) = preSolution
		Debug|Any CPU = Debug|Any CPU
		Release|Any CPU = Release|Any CPU
	EndGlobalSection
	GlobalSection(ProjectConfigurationPlatforms) = postSolution
		{28717B81-7EC6-4968-9F6A-3F25C355A546}.Debug|Any CPU.ActiveCfg = Debug|Any CPU
		{28717B81-7EC6-4968-9F6A-3F25C355A546}.Debug|Any CPU.Build.0 = Debug|Any CPU
		{28717B81-7EC6-4968-9F6A-3F25C355A546}.Release|Any CPU.ActiveCfg = Release|Any CPU
		{28717B81-7EC6-4968-9F6A-3F25C355A546}.Release|Any CPU.Build.0 = Release|Any CPU
		{0010237A-6379-4D2F-A4F1-50EFEDEAD749}.Debug|Any CPU.ActiveCfg = Debug|Any CPU
		{0010237A-6379-4D2F-A4F1-50EFEDEAD749}.Debug|Any CPU.Build.0 = Debug|Any CPU
		{0010237A-6379-4D2F-A4F1-50EFEDEAD749}.Release|Any CPU.ActiveCfg = Release|Any CPU
		{0010237A-6379-4D2F-A4F1-50EFEDEAD749}.Release|Any CPU.Build.0 = Release|Any CPU
		{C00DF688-F47C-462D-B066-418D4CC2209D}.Debug|Any CPU.ActiveCfg = Debug|Any CPU
		{C00DF688-F47C-462D-B066-418D4CC2209D}.Debug|Any CPU.Build.0 = Debug|Any CPU
		{C00DF688-F47C-462D-B066-418D4CC2209D}.Release|Any CPU.ActiveCfg = Release|Any CPU
		{C00DF688-F47C-462D-B066-418D4CC2209D}.Release|Any CPU.Build.0 = Release|Any CPU
		{B0C0C12B-AD92-4BEE-96FA-9D54A25C19C2}.Debug|Any CPU.ActiveCfg = Debug|Any CPU
		{B0C0C12B-AD92-4BEE-96FA-9D54A25C19C2}.Debug|Any CPU.Build.0 = Debug|Any CPU
		{B0C0C12B-AD92-4BEE-96FA-9D54A25C19C2}.Release|Any CPU.ActiveCfg = Release|Any CPU
		{B0C0C12B-AD92-4BEE-96FA-9D54A25C19C2}.Release|Any CPU.Build.0 = Release|Any CPU
		{31AF1D49-A9C8-4BF9-BC1D-830F8FAAF36A}.Debug|Any CPU.ActiveCfg = Debug|Any CPU
		{31AF1D49-A9C8-4BF9-BC1D-830F8FAAF36A}.Debug|Any CPU.Build.0 = Debug|Any CPU
		{31AF1D49-A9C8-4BF9-BC1D-830F8FAAF36A}.Release|Any CPU.ActiveCfg = Release|Any CPU
		{31AF1D49-A9C8-4BF9-BC1D-830F8FAAF36A}.Release|Any CPU.Build.0 = Release|Any CPU
		{63A0A66E-E19C-4223-B31D-EF9AC6726560}.Debug|Any CPU.ActiveCfg = Debug|Any CPU
		{63A0A66E-E19C-4223-B31D-EF9AC6726560}.Debug|Any CPU.Build.0 = Debug|Any CPU
		{63A0A66E-E19C-4223-B31D-EF9AC6726560}.Release|Any CPU.ActiveCfg = Release|Any CPU
		{63A0A66E-E19C-4223-B31D-EF9AC6726560}.Release|Any CPU.Build.0 = Release|Any CPU
		{93EFF684-A674-45F8-894C-35F4562C9F0A}.Debug|Any CPU.ActiveCfg = Debug|Any CPU
		{93EFF684-A674-45F8-894C-35F4562C9F0A}.Debug|Any CPU.Build.0 = Debug|Any CPU
		{93EFF684-A674-45F8-894C-35F4562C9F0A}.Release|Any CPU.ActiveCfg = Release|Any CPU
		{93EFF684-A674-45F8-894C-35F4562C9F0A}.Release|Any CPU.Build.0 = Release|Any CPU
		{0C8005E8-9CAA-4863-A105-D4CBEBCD841D}.Debug|Any CPU.ActiveCfg = Debug|Any CPU
		{0C8005E8-9CAA-4863-A105-D4CBEBCD841D}.Debug|Any CPU.Build.0 = Debug|Any CPU
		{0C8005E8-9CAA-4863-A105-D4CBEBCD841D}.Release|Any CPU.ActiveCfg = Release|Any CPU
		{0C8005E8-9CAA-4863-A105-D4CBEBCD841D}.Release|Any CPU.Build.0 = Release|Any CPU
		{3DAC5B3E-3DD2-4125-ADCD-F0A029CCCDD5}.Debug|Any CPU.ActiveCfg = Debug|Any CPU
		{3DAC5B3E-3DD2-4125-ADCD-F0A029CCCDD5}.Debug|Any CPU.Build.0 = Debug|Any CPU
		{3DAC5B3E-3DD2-4125-ADCD-F0A029CCCDD5}.Release|Any CPU.ActiveCfg = Release|Any CPU
		{3DAC5B3E-3DD2-4125-ADCD-F0A029CCCDD5}.Release|Any CPU.Build.0 = Release|Any CPU
		{66D920A5-C617-4A26-8DB8-297F80019D12}.Debug|Any CPU.ActiveCfg = Debug|Any CPU
		{66D920A5-C617-4A26-8DB8-297F80019D12}.Debug|Any CPU.Build.0 = Debug|Any CPU
		{66D920A5-C617-4A26-8DB8-297F80019D12}.Release|Any CPU.ActiveCfg = Release|Any CPU
		{66D920A5-C617-4A26-8DB8-297F80019D12}.Release|Any CPU.Build.0 = Release|Any CPU
		{399B4610-99BE-468D-B024-26F9625A2CCA}.Debug|Any CPU.ActiveCfg = Debug|Any CPU
		{399B4610-99BE-468D-B024-26F9625A2CCA}.Debug|Any CPU.Build.0 = Debug|Any CPU
		{399B4610-99BE-468D-B024-26F9625A2CCA}.Release|Any CPU.ActiveCfg = Release|Any CPU
		{399B4610-99BE-468D-B024-26F9625A2CCA}.Release|Any CPU.Build.0 = Release|Any CPU
		{ACAD672D-74D7-423D-932B-C9517D2E7EE8}.Debug|Any CPU.ActiveCfg = Debug|Any CPU
		{ACAD672D-74D7-423D-932B-C9517D2E7EE8}.Debug|Any CPU.Build.0 = Debug|Any CPU
		{ACAD672D-74D7-423D-932B-C9517D2E7EE8}.Release|Any CPU.ActiveCfg = Release|Any CPU
		{ACAD672D-74D7-423D-932B-C9517D2E7EE8}.Release|Any CPU.Build.0 = Release|Any CPU
		{ADCDC5AE-EDCB-41E7-A30E-F2C1B2A0C0D4}.Debug|Any CPU.ActiveCfg = Debug|Any CPU
		{ADCDC5AE-EDCB-41E7-A30E-F2C1B2A0C0D4}.Debug|Any CPU.Build.0 = Debug|Any CPU
		{ADCDC5AE-EDCB-41E7-A30E-F2C1B2A0C0D4}.Release|Any CPU.ActiveCfg = Release|Any CPU
		{ADCDC5AE-EDCB-41E7-A30E-F2C1B2A0C0D4}.Release|Any CPU.Build.0 = Release|Any CPU
		{1AE1B418-99BA-4411-8B61-DE88B661B667}.Debug|Any CPU.ActiveCfg = Debug|Any CPU
		{1AE1B418-99BA-4411-8B61-DE88B661B667}.Debug|Any CPU.Build.0 = Debug|Any CPU
		{1AE1B418-99BA-4411-8B61-DE88B661B667}.Release|Any CPU.ActiveCfg = Release|Any CPU
		{1AE1B418-99BA-4411-8B61-DE88B661B667}.Release|Any CPU.Build.0 = Release|Any CPU
		{8E82944C-3B6D-4790-B501-0ECC19C0F6B3}.Debug|Any CPU.ActiveCfg = Debug|Any CPU
		{8E82944C-3B6D-4790-B501-0ECC19C0F6B3}.Debug|Any CPU.Build.0 = Debug|Any CPU
		{8E82944C-3B6D-4790-B501-0ECC19C0F6B3}.Release|Any CPU.ActiveCfg = Release|Any CPU
		{8E82944C-3B6D-4790-B501-0ECC19C0F6B3}.Release|Any CPU.Build.0 = Release|Any CPU
		{6DC74A46-BE7A-485E-9CE4-B08FB1980674}.Debug|Any CPU.ActiveCfg = Debug|Any CPU
		{6DC74A46-BE7A-485E-9CE4-B08FB1980674}.Debug|Any CPU.Build.0 = Debug|Any CPU
		{6DC74A46-BE7A-485E-9CE4-B08FB1980674}.Release|Any CPU.ActiveCfg = Release|Any CPU
		{6DC74A46-BE7A-485E-9CE4-B08FB1980674}.Release|Any CPU.Build.0 = Release|Any CPU
		{14AF48A9-0AE1-42BD-A770-B395942CB2E2}.Debug|Any CPU.ActiveCfg = Debug|Any CPU
		{14AF48A9-0AE1-42BD-A770-B395942CB2E2}.Debug|Any CPU.Build.0 = Debug|Any CPU
		{14AF48A9-0AE1-42BD-A770-B395942CB2E2}.Release|Any CPU.ActiveCfg = Release|Any CPU
		{14AF48A9-0AE1-42BD-A770-B395942CB2E2}.Release|Any CPU.Build.0 = Release|Any CPU
		{56AE17F8-6A57-47A5-95AD-CA593973F487}.Debug|Any CPU.ActiveCfg = Debug|Any CPU
		{56AE17F8-6A57-47A5-95AD-CA593973F487}.Debug|Any CPU.Build.0 = Debug|Any CPU
		{56AE17F8-6A57-47A5-95AD-CA593973F487}.Release|Any CPU.ActiveCfg = Release|Any CPU
		{56AE17F8-6A57-47A5-95AD-CA593973F487}.Release|Any CPU.Build.0 = Release|Any CPU
		{C9C57467-75D4-4414-B766-D012C284F248}.Debug|Any CPU.ActiveCfg = Debug|Any CPU
		{C9C57467-75D4-4414-B766-D012C284F248}.Debug|Any CPU.Build.0 = Debug|Any CPU
		{C9C57467-75D4-4414-B766-D012C284F248}.Release|Any CPU.ActiveCfg = Release|Any CPU
		{C9C57467-75D4-4414-B766-D012C284F248}.Release|Any CPU.Build.0 = Release|Any CPU
		{471C8833-E7B2-4DE3-8ADB-8815DE682F70}.Debug|Any CPU.ActiveCfg = Debug|Any CPU
		{471C8833-E7B2-4DE3-8ADB-8815DE682F70}.Debug|Any CPU.Build.0 = Debug|Any CPU
		{471C8833-E7B2-4DE3-8ADB-8815DE682F70}.Release|Any CPU.ActiveCfg = Release|Any CPU
		{471C8833-E7B2-4DE3-8ADB-8815DE682F70}.Release|Any CPU.Build.0 = Release|Any CPU
		{7E2DB519-23F1-4F50-AC8B-A6CBEDE3FAB4}.Debug|Any CPU.ActiveCfg = Debug|Any CPU
		{7E2DB519-23F1-4F50-AC8B-A6CBEDE3FAB4}.Debug|Any CPU.Build.0 = Debug|Any CPU
		{7E2DB519-23F1-4F50-AC8B-A6CBEDE3FAB4}.Release|Any CPU.ActiveCfg = Release|Any CPU
		{7E2DB519-23F1-4F50-AC8B-A6CBEDE3FAB4}.Release|Any CPU.Build.0 = Release|Any CPU
		{9794DA36-FFCA-48C3-B45D-74CAE2310242}.Debug|Any CPU.ActiveCfg = Debug|Any CPU
		{9794DA36-FFCA-48C3-B45D-74CAE2310242}.Debug|Any CPU.Build.0 = Debug|Any CPU
		{9794DA36-FFCA-48C3-B45D-74CAE2310242}.Release|Any CPU.ActiveCfg = Release|Any CPU
		{9794DA36-FFCA-48C3-B45D-74CAE2310242}.Release|Any CPU.Build.0 = Release|Any CPU
		{81F30E43-B405-406F-867A-FCB85F7CF058}.Debug|Any CPU.ActiveCfg = Debug|Any CPU
		{81F30E43-B405-406F-867A-FCB85F7CF058}.Debug|Any CPU.Build.0 = Debug|Any CPU
		{81F30E43-B405-406F-867A-FCB85F7CF058}.Release|Any CPU.ActiveCfg = Release|Any CPU
		{81F30E43-B405-406F-867A-FCB85F7CF058}.Release|Any CPU.Build.0 = Release|Any CPU
		{F2F35E5C-D741-46CE-8C9B-8395778E9D75}.Debug|Any CPU.ActiveCfg = Debug|Any CPU
		{F2F35E5C-D741-46CE-8C9B-8395778E9D75}.Debug|Any CPU.Build.0 = Debug|Any CPU
		{F2F35E5C-D741-46CE-8C9B-8395778E9D75}.Release|Any CPU.ActiveCfg = Release|Any CPU
		{F2F35E5C-D741-46CE-8C9B-8395778E9D75}.Release|Any CPU.Build.0 = Release|Any CPU
		{8A5B489E-C5C4-43A7-92B5-BC9C358B0955}.Debug|Any CPU.ActiveCfg = Debug|Any CPU
		{8A5B489E-C5C4-43A7-92B5-BC9C358B0955}.Debug|Any CPU.Build.0 = Debug|Any CPU
		{8A5B489E-C5C4-43A7-92B5-BC9C358B0955}.Release|Any CPU.ActiveCfg = Release|Any CPU
		{8A5B489E-C5C4-43A7-92B5-BC9C358B0955}.Release|Any CPU.Build.0 = Release|Any CPU
		{FDC86698-BE9A-4311-ABDE-354791AED052}.Debug|Any CPU.ActiveCfg = Debug|Any CPU
		{FDC86698-BE9A-4311-ABDE-354791AED052}.Debug|Any CPU.Build.0 = Debug|Any CPU
		{FDC86698-BE9A-4311-ABDE-354791AED052}.Release|Any CPU.ActiveCfg = Release|Any CPU
		{FDC86698-BE9A-4311-ABDE-354791AED052}.Release|Any CPU.Build.0 = Release|Any CPU
		{3F03D476-8686-47B3-BF1F-BBBAF0EB09CA}.Debug|Any CPU.ActiveCfg = Debug|Any CPU
		{3F03D476-8686-47B3-BF1F-BBBAF0EB09CA}.Debug|Any CPU.Build.0 = Debug|Any CPU
		{3F03D476-8686-47B3-BF1F-BBBAF0EB09CA}.Release|Any CPU.ActiveCfg = Release|Any CPU
		{3F03D476-8686-47B3-BF1F-BBBAF0EB09CA}.Release|Any CPU.Build.0 = Release|Any CPU
		{0A3DB42A-65CC-4B1C-885F-670FA2F2B89D}.Debug|Any CPU.ActiveCfg = Debug|Any CPU
		{0A3DB42A-65CC-4B1C-885F-670FA2F2B89D}.Debug|Any CPU.Build.0 = Debug|Any CPU
		{0A3DB42A-65CC-4B1C-885F-670FA2F2B89D}.Release|Any CPU.ActiveCfg = Release|Any CPU
		{0A3DB42A-65CC-4B1C-885F-670FA2F2B89D}.Release|Any CPU.Build.0 = Release|Any CPU
		{2A286866-BECC-421B-B748-FB3429C5F036}.Debug|Any CPU.ActiveCfg = Debug|Any CPU
		{2A286866-BECC-421B-B748-FB3429C5F036}.Debug|Any CPU.Build.0 = Debug|Any CPU
		{2A286866-BECC-421B-B748-FB3429C5F036}.Release|Any CPU.ActiveCfg = Release|Any CPU
		{2A286866-BECC-421B-B748-FB3429C5F036}.Release|Any CPU.Build.0 = Release|Any CPU
		{012EA814-DC90-4034-BE60-33489A6BBD2A}.Debug|Any CPU.ActiveCfg = Debug|Any CPU
		{012EA814-DC90-4034-BE60-33489A6BBD2A}.Debug|Any CPU.Build.0 = Debug|Any CPU
		{012EA814-DC90-4034-BE60-33489A6BBD2A}.Release|Any CPU.ActiveCfg = Release|Any CPU
		{012EA814-DC90-4034-BE60-33489A6BBD2A}.Release|Any CPU.Build.0 = Release|Any CPU
		{334711BE-76EA-4016-84B1-A89F30EFAEEB}.Debug|Any CPU.ActiveCfg = Debug|Any CPU
		{334711BE-76EA-4016-84B1-A89F30EFAEEB}.Debug|Any CPU.Build.0 = Debug|Any CPU
		{334711BE-76EA-4016-84B1-A89F30EFAEEB}.Release|Any CPU.ActiveCfg = Release|Any CPU
		{334711BE-76EA-4016-84B1-A89F30EFAEEB}.Release|Any CPU.Build.0 = Release|Any CPU
		{4AE82917-E6F9-438C-87F8-6937B0669152}.Debug|Any CPU.ActiveCfg = Debug|Any CPU
		{4AE82917-E6F9-438C-87F8-6937B0669152}.Debug|Any CPU.Build.0 = Debug|Any CPU
		{4AE82917-E6F9-438C-87F8-6937B0669152}.Release|Any CPU.ActiveCfg = Release|Any CPU
		{4AE82917-E6F9-438C-87F8-6937B0669152}.Release|Any CPU.Build.0 = Release|Any CPU
		{DCFFAA92-0F69-4079-AFFA-574034662B95}.Debug|Any CPU.ActiveCfg = Debug|Any CPU
		{DCFFAA92-0F69-4079-AFFA-574034662B95}.Debug|Any CPU.Build.0 = Debug|Any CPU
		{DCFFAA92-0F69-4079-AFFA-574034662B95}.Release|Any CPU.ActiveCfg = Release|Any CPU
		{DCFFAA92-0F69-4079-AFFA-574034662B95}.Release|Any CPU.Build.0 = Release|Any CPU
		{04A4F9F1-6549-43FE-836D-D5A6919B1248}.Debug|Any CPU.ActiveCfg = Debug|Any CPU
		{04A4F9F1-6549-43FE-836D-D5A6919B1248}.Debug|Any CPU.Build.0 = Debug|Any CPU
		{04A4F9F1-6549-43FE-836D-D5A6919B1248}.Release|Any CPU.ActiveCfg = Release|Any CPU
		{04A4F9F1-6549-43FE-836D-D5A6919B1248}.Release|Any CPU.Build.0 = Release|Any CPU
		{F78030B2-BCCE-41D9-8886-53DB1DA06E5B}.Debug|Any CPU.ActiveCfg = Debug|Any CPU
		{F78030B2-BCCE-41D9-8886-53DB1DA06E5B}.Debug|Any CPU.Build.0 = Debug|Any CPU
		{F78030B2-BCCE-41D9-8886-53DB1DA06E5B}.Release|Any CPU.ActiveCfg = Release|Any CPU
		{F78030B2-BCCE-41D9-8886-53DB1DA06E5B}.Release|Any CPU.Build.0 = Release|Any CPU
		{56AB9220-3FBB-49DE-928C-8461513FB8D0}.Debug|Any CPU.ActiveCfg = Debug|Any CPU
		{56AB9220-3FBB-49DE-928C-8461513FB8D0}.Debug|Any CPU.Build.0 = Debug|Any CPU
		{56AB9220-3FBB-49DE-928C-8461513FB8D0}.Release|Any CPU.ActiveCfg = Release|Any CPU
		{56AB9220-3FBB-49DE-928C-8461513FB8D0}.Release|Any CPU.Build.0 = Release|Any CPU
		{81F4E6C1-BEF2-4F05-A609-D7FBEB7F9E7C}.Debug|Any CPU.ActiveCfg = Debug|Any CPU
		{81F4E6C1-BEF2-4F05-A609-D7FBEB7F9E7C}.Debug|Any CPU.Build.0 = Debug|Any CPU
		{81F4E6C1-BEF2-4F05-A609-D7FBEB7F9E7C}.Release|Any CPU.ActiveCfg = Release|Any CPU
		{81F4E6C1-BEF2-4F05-A609-D7FBEB7F9E7C}.Release|Any CPU.Build.0 = Release|Any CPU
		{868767BD-E89E-48F2-BE03-26FDAB13F18B}.Debug|Any CPU.ActiveCfg = Debug|Any CPU
		{868767BD-E89E-48F2-BE03-26FDAB13F18B}.Debug|Any CPU.Build.0 = Debug|Any CPU
		{868767BD-E89E-48F2-BE03-26FDAB13F18B}.Release|Any CPU.ActiveCfg = Release|Any CPU
		{868767BD-E89E-48F2-BE03-26FDAB13F18B}.Release|Any CPU.Build.0 = Release|Any CPU
		{B6E0210A-89B0-4B31-B2F9-8F6D575C1141}.Debug|Any CPU.ActiveCfg = Debug|Any CPU
		{B6E0210A-89B0-4B31-B2F9-8F6D575C1141}.Debug|Any CPU.Build.0 = Debug|Any CPU
		{B6E0210A-89B0-4B31-B2F9-8F6D575C1141}.Release|Any CPU.ActiveCfg = Release|Any CPU
		{B6E0210A-89B0-4B31-B2F9-8F6D575C1141}.Release|Any CPU.Build.0 = Release|Any CPU
		{06D9A600-09AC-4162-B23B-7D18DD629A9E}.Debug|Any CPU.ActiveCfg = Debug|Any CPU
		{06D9A600-09AC-4162-B23B-7D18DD629A9E}.Debug|Any CPU.Build.0 = Debug|Any CPU
		{06D9A600-09AC-4162-B23B-7D18DD629A9E}.Release|Any CPU.ActiveCfg = Release|Any CPU
		{06D9A600-09AC-4162-B23B-7D18DD629A9E}.Release|Any CPU.Build.0 = Release|Any CPU
		{32553A11-925B-4AE6-82FC-8A36FA51966B}.Debug|Any CPU.ActiveCfg = Debug|Any CPU
		{32553A11-925B-4AE6-82FC-8A36FA51966B}.Debug|Any CPU.Build.0 = Debug|Any CPU
		{32553A11-925B-4AE6-82FC-8A36FA51966B}.Release|Any CPU.ActiveCfg = Release|Any CPU
		{32553A11-925B-4AE6-82FC-8A36FA51966B}.Release|Any CPU.Build.0 = Release|Any CPU
		{0D3A90AB-E84F-4252-9258-58B430B09E5E}.Debug|Any CPU.ActiveCfg = Debug|Any CPU
		{0D3A90AB-E84F-4252-9258-58B430B09E5E}.Debug|Any CPU.Build.0 = Debug|Any CPU
		{0D3A90AB-E84F-4252-9258-58B430B09E5E}.Release|Any CPU.ActiveCfg = Release|Any CPU
		{0D3A90AB-E84F-4252-9258-58B430B09E5E}.Release|Any CPU.Build.0 = Release|Any CPU
		{5D00F7F3-192E-43E9-9FFE-B5A23EC5D585}.Debug|Any CPU.ActiveCfg = Debug|Any CPU
		{5D00F7F3-192E-43E9-9FFE-B5A23EC5D585}.Debug|Any CPU.Build.0 = Debug|Any CPU
		{5D00F7F3-192E-43E9-9FFE-B5A23EC5D585}.Release|Any CPU.ActiveCfg = Release|Any CPU
		{5D00F7F3-192E-43E9-9FFE-B5A23EC5D585}.Release|Any CPU.Build.0 = Release|Any CPU
		{CD8D5D8C-E9DF-453F-8E4C-8633476F7AB1}.Debug|Any CPU.ActiveCfg = Debug|Any CPU
		{CD8D5D8C-E9DF-453F-8E4C-8633476F7AB1}.Debug|Any CPU.Build.0 = Debug|Any CPU
		{CD8D5D8C-E9DF-453F-8E4C-8633476F7AB1}.Release|Any CPU.ActiveCfg = Release|Any CPU
		{CD8D5D8C-E9DF-453F-8E4C-8633476F7AB1}.Release|Any CPU.Build.0 = Release|Any CPU
		{221922CA-ECFA-406A-A051-EE9B79C75CF0}.Debug|Any CPU.ActiveCfg = Debug|Any CPU
		{221922CA-ECFA-406A-A051-EE9B79C75CF0}.Debug|Any CPU.Build.0 = Debug|Any CPU
		{221922CA-ECFA-406A-A051-EE9B79C75CF0}.Release|Any CPU.ActiveCfg = Release|Any CPU
		{221922CA-ECFA-406A-A051-EE9B79C75CF0}.Release|Any CPU.Build.0 = Release|Any CPU
		{0262CE5B-55CD-4E6C-9295-97B11B9C0FCA}.Debug|Any CPU.ActiveCfg = Debug|Any CPU
		{0262CE5B-55CD-4E6C-9295-97B11B9C0FCA}.Debug|Any CPU.Build.0 = Debug|Any CPU
		{0262CE5B-55CD-4E6C-9295-97B11B9C0FCA}.Release|Any CPU.ActiveCfg = Release|Any CPU
		{0262CE5B-55CD-4E6C-9295-97B11B9C0FCA}.Release|Any CPU.Build.0 = Release|Any CPU
		{D84F4BE1-F4C4-4D08-919B-438C9056B358}.Debug|Any CPU.ActiveCfg = Debug|Any CPU
		{D84F4BE1-F4C4-4D08-919B-438C9056B358}.Debug|Any CPU.Build.0 = Debug|Any CPU
		{D84F4BE1-F4C4-4D08-919B-438C9056B358}.Release|Any CPU.ActiveCfg = Release|Any CPU
		{D84F4BE1-F4C4-4D08-919B-438C9056B358}.Release|Any CPU.Build.0 = Release|Any CPU
		{7081D647-58A8-4F09-8AF0-B5F72532A542}.Debug|Any CPU.ActiveCfg = Debug|Any CPU
		{7081D647-58A8-4F09-8AF0-B5F72532A542}.Debug|Any CPU.Build.0 = Debug|Any CPU
		{7081D647-58A8-4F09-8AF0-B5F72532A542}.Release|Any CPU.ActiveCfg = Release|Any CPU
		{7081D647-58A8-4F09-8AF0-B5F72532A542}.Release|Any CPU.Build.0 = Release|Any CPU
		{81426F84-4A20-486F-B4A6-1E0D0B5DE004}.Debug|Any CPU.ActiveCfg = Debug|Any CPU
		{81426F84-4A20-486F-B4A6-1E0D0B5DE004}.Debug|Any CPU.Build.0 = Debug|Any CPU
		{81426F84-4A20-486F-B4A6-1E0D0B5DE004}.Release|Any CPU.ActiveCfg = Release|Any CPU
		{81426F84-4A20-486F-B4A6-1E0D0B5DE004}.Release|Any CPU.Build.0 = Release|Any CPU
		{F8E9A1BC-CA5C-4FB5-90C1-39079E10669B}.Debug|Any CPU.ActiveCfg = Debug|Any CPU
		{F8E9A1BC-CA5C-4FB5-90C1-39079E10669B}.Debug|Any CPU.Build.0 = Debug|Any CPU
		{F8E9A1BC-CA5C-4FB5-90C1-39079E10669B}.Release|Any CPU.ActiveCfg = Release|Any CPU
		{F8E9A1BC-CA5C-4FB5-90C1-39079E10669B}.Release|Any CPU.Build.0 = Release|Any CPU
		{A0F5918B-435B-45AA-AC8B-E3B0C1456275}.Debug|Any CPU.ActiveCfg = Debug|Any CPU
		{A0F5918B-435B-45AA-AC8B-E3B0C1456275}.Debug|Any CPU.Build.0 = Debug|Any CPU
		{A0F5918B-435B-45AA-AC8B-E3B0C1456275}.Release|Any CPU.ActiveCfg = Release|Any CPU
		{A0F5918B-435B-45AA-AC8B-E3B0C1456275}.Release|Any CPU.Build.0 = Release|Any CPU
		{8CB16F69-C7C1-47AF-94ED-1060C6D62A4B}.Debug|Any CPU.ActiveCfg = Debug|Any CPU
		{8CB16F69-C7C1-47AF-94ED-1060C6D62A4B}.Debug|Any CPU.Build.0 = Debug|Any CPU
		{8CB16F69-C7C1-47AF-94ED-1060C6D62A4B}.Release|Any CPU.ActiveCfg = Release|Any CPU
		{8CB16F69-C7C1-47AF-94ED-1060C6D62A4B}.Release|Any CPU.Build.0 = Release|Any CPU
		{1B7E87F1-0F62-4415-8BC4-18786329102A}.Debug|Any CPU.ActiveCfg = Debug|Any CPU
		{1B7E87F1-0F62-4415-8BC4-18786329102A}.Debug|Any CPU.Build.0 = Debug|Any CPU
		{1B7E87F1-0F62-4415-8BC4-18786329102A}.Release|Any CPU.ActiveCfg = Release|Any CPU
		{1B7E87F1-0F62-4415-8BC4-18786329102A}.Release|Any CPU.Build.0 = Release|Any CPU
	EndGlobalSection
	GlobalSection(SolutionProperties) = preSolution
		HideSolutionNode = FALSE
	EndGlobalSection
	GlobalSection(NestedProjects) = preSolution
		{28717B81-7EC6-4968-9F6A-3F25C355A546} = {17A7805D-93BB-4668-A1C8-99C8DFAEF0D7}
		{0010237A-6379-4D2F-A4F1-50EFEDEAD749} = {17A7805D-93BB-4668-A1C8-99C8DFAEF0D7}
		{C00DF688-F47C-462D-B066-418D4CC2209D} = {17A7805D-93BB-4668-A1C8-99C8DFAEF0D7}
		{B0C0C12B-AD92-4BEE-96FA-9D54A25C19C2} = {5D215415-F2FD-474C-A3E2-1854A3E34104}
		{31AF1D49-A9C8-4BF9-BC1D-830F8FAAF36A} = {F3DCEA36-6BBB-449B-91C7-FDC6BE3828D7}
		{63A0A66E-E19C-4223-B31D-EF9AC6726560} = {072C23FC-F340-43BF-9134-D517A2A02344}
		{93EFF684-A674-45F8-894C-35F4562C9F0A} = {9175A638-A91C-4134-AEA0-948A629334C4}
		{0C8005E8-9CAA-4863-A105-D4CBEBCD841D} = {9175A638-A91C-4134-AEA0-948A629334C4}
		{3DAC5B3E-3DD2-4125-ADCD-F0A029CCCDD5} = {1E5ABF59-3E77-47B2-8ABE-EF7B8782468A}
		{66D920A5-C617-4A26-8DB8-297F80019D12} = {5F4DF72A-07EC-4D57-8B3E-CB475AB10FE1}
		{399B4610-99BE-468D-B024-26F9625A2CCA} = {E760F6DB-D2DA-47BA-961A-3DC2AA57C73C}
		{ACAD672D-74D7-423D-932B-C9517D2E7EE8} = {F3DCEA36-6BBB-449B-91C7-FDC6BE3828D7}
		{ADCDC5AE-EDCB-41E7-A30E-F2C1B2A0C0D4} = {5F4DF72A-07EC-4D57-8B3E-CB475AB10FE1}
		{1AE1B418-99BA-4411-8B61-DE88B661B667} = {E760F6DB-D2DA-47BA-961A-3DC2AA57C73C}
		{8E82944C-3B6D-4790-B501-0ECC19C0F6B3} = {E760F6DB-D2DA-47BA-961A-3DC2AA57C73C}
		{6DC74A46-BE7A-485E-9CE4-B08FB1980674} = {1E5ABF59-3E77-47B2-8ABE-EF7B8782468A}
		{14AF48A9-0AE1-42BD-A770-B395942CB2E2} = {17A7805D-93BB-4668-A1C8-99C8DFAEF0D7}
		{56AE17F8-6A57-47A5-95AD-CA593973F487} = {9175A638-A91C-4134-AEA0-948A629334C4}
		{C9C57467-75D4-4414-B766-D012C284F248} = {9175A638-A91C-4134-AEA0-948A629334C4}
		{471C8833-E7B2-4DE3-8ADB-8815DE682F70} = {9175A638-A91C-4134-AEA0-948A629334C4}
		{7E2DB519-23F1-4F50-AC8B-A6CBEDE3FAB4} = {5D215415-F2FD-474C-A3E2-1854A3E34104}
		{9794DA36-FFCA-48C3-B45D-74CAE2310242} = {5D215415-F2FD-474C-A3E2-1854A3E34104}
		{81F30E43-B405-406F-867A-FCB85F7CF058} = {5D215415-F2FD-474C-A3E2-1854A3E34104}
		{F2F35E5C-D741-46CE-8C9B-8395778E9D75} = {5F4DF72A-07EC-4D57-8B3E-CB475AB10FE1}
		{8A5B489E-C5C4-43A7-92B5-BC9C358B0955} = {F3DCEA36-6BBB-449B-91C7-FDC6BE3828D7}
		{FDC86698-BE9A-4311-ABDE-354791AED052} = {F3DCEA36-6BBB-449B-91C7-FDC6BE3828D7}
		{3F03D476-8686-47B3-BF1F-BBBAF0EB09CA} = {F3DCEA36-6BBB-449B-91C7-FDC6BE3828D7}
		{0A3DB42A-65CC-4B1C-885F-670FA2F2B89D} = {17A7805D-93BB-4668-A1C8-99C8DFAEF0D7}
		{2A286866-BECC-421B-B748-FB3429C5F036} = {9175A638-A91C-4134-AEA0-948A629334C4}
		{012EA814-DC90-4034-BE60-33489A6BBD2A} = {9175A638-A91C-4134-AEA0-948A629334C4}
		{334711BE-76EA-4016-84B1-A89F30EFAEEB} = {9175A638-A91C-4134-AEA0-948A629334C4}
		{4AE82917-E6F9-438C-87F8-6937B0669152} = {9175A638-A91C-4134-AEA0-948A629334C4}
		{DCFFAA92-0F69-4079-AFFA-574034662B95} = {E760F6DB-D2DA-47BA-961A-3DC2AA57C73C}
		{04A4F9F1-6549-43FE-836D-D5A6919B1248} = {5F4DF72A-07EC-4D57-8B3E-CB475AB10FE1}
		{F78030B2-BCCE-41D9-8886-53DB1DA06E5B} = {17A7805D-93BB-4668-A1C8-99C8DFAEF0D7}
		{56AB9220-3FBB-49DE-928C-8461513FB8D0} = {0D576BEF-AD07-4E1A-A78D-C9A6A98A1402}
		{81F4E6C1-BEF2-4F05-A609-D7FBEB7F9E7C} = {0D576BEF-AD07-4E1A-A78D-C9A6A98A1402}
		{868767BD-E89E-48F2-BE03-26FDAB13F18B} = {0D576BEF-AD07-4E1A-A78D-C9A6A98A1402}
		{B6E0210A-89B0-4B31-B2F9-8F6D575C1141} = {0D576BEF-AD07-4E1A-A78D-C9A6A98A1402}
		{06D9A600-09AC-4162-B23B-7D18DD629A9E} = {E2BB94FA-14FF-4AE2-A026-87EAA05442B8}
		{32553A11-925B-4AE6-82FC-8A36FA51966B} = {1E5ABF59-3E77-47B2-8ABE-EF7B8782468A}
		{0D3A90AB-E84F-4252-9258-58B430B09E5E} = {E2BB94FA-14FF-4AE2-A026-87EAA05442B8}
		{5D00F7F3-192E-43E9-9FFE-B5A23EC5D585} = {5BE0D074-5860-4FC2-9ADA-6B123A1B953B}
		{CD8D5D8C-E9DF-453F-8E4C-8633476F7AB1} = {FDDE199C-E170-43C2-9C05-CEE7E078ECCE}
		{221922CA-ECFA-406A-A051-EE9B79C75CF0} = {1C608850-F9B6-422B-81BE-FF3A05D41028}
		{0262CE5B-55CD-4E6C-9295-97B11B9C0FCA} = {1C608850-F9B6-422B-81BE-FF3A05D41028}
		{D84F4BE1-F4C4-4D08-919B-438C9056B358} = {1C608850-F9B6-422B-81BE-FF3A05D41028}
		{7081D647-58A8-4F09-8AF0-B5F72532A542} = {1E5ABF59-3E77-47B2-8ABE-EF7B8782468A}
		{81426F84-4A20-486F-B4A6-1E0D0B5DE004} = {17A7805D-93BB-4668-A1C8-99C8DFAEF0D7}
		{F8E9A1BC-CA5C-4FB5-90C1-39079E10669B} = {F3DCEA36-6BBB-449B-91C7-FDC6BE3828D7}
		{A0F5918B-435B-45AA-AC8B-E3B0C1456275} = {5BE0D074-5860-4FC2-9ADA-6B123A1B953B}
		{8CB16F69-C7C1-47AF-94ED-1060C6D62A4B} = {17A7805D-93BB-4668-A1C8-99C8DFAEF0D7}
		{1B7E87F1-0F62-4415-8BC4-18786329102A} = {F899CE31-BD6C-47FC-8694-642D479E4D64}
	EndGlobalSection
	GlobalSection(ExtensibilityGlobals) = postSolution
		SolutionGuid = {C2715E78-0AD4-4B4B-A0B5-9820B216D1D8}
	EndGlobalSection
EndGlobal
